github.com/galdor/go-cmdline v1.1.0 h1:r9w9qQwgx4Oms9Y+9R1BZBGV+TLa50b8Tkwk8Gs3R28=
github.com/galdor/go-cmdline v1.1.0/go.mod h1:7T9Fsb7p6o2E/uV6qZIgqLRDGdfmkHzzg+LvEQrmsm0=
github.com/pkg/errors v0.8.1 h1:iURUrRGxPUNPdy5/HRSm+Yj6okJ6UtLINN0Q9M4+h3I=
github.com/pkg/errors v0.8.1/go.mod h1:bwawxfHBFNV+L2hUp1rHADufV3IMtnDRdf1r5NINEl0=
